
Microsoft Visual Studio Solution File, Format Version 12.00
# Visual Studio Version 17
VisualStudioVersion = 17.3.32901.215
MinimumVisualStudioVersion = 10.0.40219.1
Project("{FAE04EC0-301F-11D3-BF4B-00C04F79EFBC}") = "Random_Sayilar_Ayirma", "Random_Sayilar_Ayirma\Random_Sayilar_Ayirma.csproj", "{DEA67A93-FB86-4EB4-92BE-C4B50D6D112B}"
EndProject
Global
	GlobalSection(SolutionConfigurationPlatforms) = preSolution
		Debug|Any CPU = Debug|Any CPU
		Release|Any CPU = Release|Any CPU
	EndGlobalSection
	GlobalSection(ProjectConfigurationPlatforms) = postSolution
		{DEA67A93-FB86-4EB4-92BE-C4B50D6D112B}.Debug|Any CPU.ActiveCfg = Debug|Any CPU
		{DEA67A93-FB86-4EB4-92BE-C4B50D6D112B}.Debug|Any CPU.Build.0 = Debug|Any CPU
		{DEA67A93-FB86-4EB4-92BE-C4B50D6D112B}.Release|Any CPU.ActiveCfg = Release|Any CPU
		{DEA67A93-FB86-4EB4-92BE-C4B50D6D112B}.Release|Any CPU.Build.0 = Release|Any CPU
	EndGlobalSection
	GlobalSection(SolutionProperties) = preSolution
		HideSolutionNode = FALSE
	EndGlobalSection
	GlobalSection(ExtensibilityGlobals) = postSolution
		SolutionGuid = {011AB86E-5CD2-469E-91E5-AA753DF5B9C1}
	EndGlobalSection
EndGlobal
